// !$*UTF8*$!
{
	archiveVersion = 1;
	classes = {
	};
	objectVersion = 50;
	objects = {

/* Begin PBXBuildFile section */
		A304105724CE98FA003EF34C /* ConfigsHelper.swift in Sources */ = {isa = PBXBuildFile; fileRef = A304105624CE98FA003EF34C /* ConfigsHelper.swift */; };
		A304105924CED7E8003EF34C /* CommandRunner.swift in Sources */ = {isa = PBXBuildFile; fileRef = A304105824CED7E8003EF34C /* CommandRunner.swift */; };
		A34F757824CA8820008F54AE /* BundleAppInstallHelper.swift in Sources */ = {isa = PBXBuildFile; fileRef = A34F757724CA8820008F54AE /* BundleAppInstallHelper.swift */; };
		A34F757D24CAD688008F54AE /* ResourceHelper.swift in Sources */ = {isa = PBXBuildFile; fileRef = A34F757924CAD1BE008F54AE /* ResourceHelper.swift */; };
		A34F757E24CAD822008F54AE /* FileHelper.swift in Sources */ = {isa = PBXBuildFile; fileRef = A34F757B24CAD3DD008F54AE /* FileHelper.swift */; };
		A34F75A724CAE259008F54AE /* platform-tools in Resources */ = {isa = PBXBuildFile; fileRef = A34F75A624CAE259008F54AE /* platform-tools */; };
		A34F75AB24CAE59E008F54AE /* bundletool.jar in Resources */ = {isa = PBXBuildFile; fileRef = A34F75A924CAE529008F54AE /* bundletool.jar */; };
		A387493E24C6F697000A4E9A /* AppDelegate.swift in Sources */ = {isa = PBXBuildFile; fileRef = A387493D24C6F697000A4E9A /* AppDelegate.swift */; };
		A387494024C6F697000A4E9A /* ViewController.swift in Sources */ = {isa = PBXBuildFile; fileRef = A387493F24C6F697000A4E9A /* ViewController.swift */; };
		A387494224C6F698000A4E9A /* Assets.xcassets in Resources */ = {isa = PBXBuildFile; fileRef = A387494124C6F698000A4E9A /* Assets.xcassets */; };
		A387494524C6F698000A4E9A /* Main.storyboard in Resources */ = {isa = PBXBuildFile; fileRef = A387494324C6F698000A4E9A /* Main.storyboard */; };
/* End PBXBuildFile section */

/* Begin PBXFileReference section */
		A304105624CE98FA003EF34C /* ConfigsHelper.swift */ = {isa = PBXFileReference; lastKnownFileType = sourcecode.swift; path = ConfigsHelper.swift; sourceTree = "<group>"; };
		A304105824CED7E8003EF34C /* CommandRunner.swift */ = {isa = PBXFileReference; lastKnownFileType = sourcecode.swift; path = CommandRunner.swift; sourceTree = "<group>"; };
		A34F757724CA8820008F54AE /* BundleAppInstallHelper.swift */ = {isa = PBXFileReference; lastKnownFileType = sourcecode.swift; path = BundleAppInstallHelper.swift; sourceTree = "<group>"; };
		A34F757924CAD1BE008F54AE /* ResourceHelper.swift */ = {isa = PBXFileReference; lastKnownFileType = sourcecode.swift; path = ResourceHelper.swift; sourceTree = "<group>"; };
		A34F757B24CAD3DD008F54AE /* FileHelper.swift */ = {isa = PBXFileReference; lastKnownFileType = sourcecode.swift; path = FileHelper.swift; sourceTree = "<group>"; };
		A34F757F24CADA51008F54AE /* Header.h */ = {isa = PBXFileReference; lastKnownFileType = sourcecode.c.h; path = Header.h; sourceTree = "<group>"; };
		A34F75A624CAE259008F54AE /* platform-tools */ = {isa = PBXFileReference; lastKnownFileType = folder; path = "platform-tools"; sourceTree = "<group>"; };
		A34F75A924CAE529008F54AE /* bundletool.jar */ = {isa = PBXFileReference; lastKnownFileType = archive.jar; path = bundletool.jar; sourceTree = "<group>"; };
		A387493A24C6F697000A4E9A /* androidtools.app */ = {isa = PBXFileReference; explicitFileType = wrapper.application; includeInIndex = 0; path = androidtools.app; sourceTree = BUILT_PRODUCTS_DIR; };
		A387493D24C6F697000A4E9A /* AppDelegate.swift */ = {isa = PBXFileReference; lastKnownFileType = sourcecode.swift; path = AppDelegate.swift; sourceTree = "<group>"; };
		A387493F24C6F697000A4E9A /* ViewController.swift */ = {isa = PBXFileReference; lastKnownFileType = sourcecode.swift; path = ViewController.swift; sourceTree = "<group>"; };
		A387494124C6F698000A4E9A /* Assets.xcassets */ = {isa = PBXFileReference; lastKnownFileType = folder.assetcatalog; path = Assets.xcassets; sourceTree = "<group>"; };
		A387494424C6F698000A4E9A /* Base */ = {isa = PBXFileReference; lastKnownFileType = file.storyboard; name = Base; path = Base.lproj/Main.storyboard; sourceTree = "<group>"; };
		A387494624C6F698000A4E9A /* Info.plist */ = {isa = PBXFileReference; lastKnownFileType = text.plist.xml; path = Info.plist; sourceTree = "<group>"; };
		A387494724C6F698000A4E9A /* androidtools.entitlements */ = {isa = PBXFileReference; lastKnownFileType = text.plist.entitlements; path = androidtools.entitlements; sourceTree = "<group>"; };
/* End PBXFileReference section */

/* Begin PBXFrameworksBuildPhase section */
		A387493724C6F697000A4E9A /* Frameworks */ = {
			isa = PBXFrameworksBuildPhase;
			buildActionMask = 2147483647;
			files = (
			);
			runOnlyForDeploymentPostprocessing = 0;
		};
/* End PBXFrameworksBuildPhase section */

/* Begin PBXGroup section */
		A34F757624CA87DF008F54AE /* utils */ = {
			isa = PBXGroup;
			children = (
				A34F757724CA8820008F54AE /* BundleAppInstallHelper.swift */,
				A34F757924CAD1BE008F54AE /* ResourceHelper.swift */,
				A34F757B24CAD3DD008F54AE /* FileHelper.swift */,
				A304105624CE98FA003EF34C /* ConfigsHelper.swift */,
				A304105824CED7E8003EF34C /* CommandRunner.swift */,
			);
			path = utils;
			sourceTree = "<group>";
		};
		A34F758024CAE0E9008F54AE /* libs */ = {
			isa = PBXGroup;
			children = (
				A34F75A924CAE529008F54AE /* bundletool.jar */,
				A34F75A624CAE259008F54AE /* platform-tools */,
			);
			path = libs;
			sourceTree = "<group>";
		};
		A387493124C6F697000A4E9A = {
			isa = PBXGroup;
			children = (
				A387493C24C6F697000A4E9A /* androidtools */,
				A387493B24C6F697000A4E9A /* Products */,
			);
			sourceTree = "<group>";
		};
		A387493B24C6F697000A4E9A /* Products */ = {
			isa = PBXGroup;
			children = (
				A387493A24C6F697000A4E9A /* androidtools.app */,
			);
			name = Products;
			sourceTree = "<group>";
		};
		A387493C24C6F697000A4E9A /* androidtools */ = {
			isa = PBXGroup;
			children = (
				A34F758024CAE0E9008F54AE /* libs */,
				A34F757624CA87DF008F54AE /* utils */,
				A387493D24C6F697000A4E9A /* AppDelegate.swift */,
				A387493F24C6F697000A4E9A /* ViewController.swift */,
				A387494124C6F698000A4E9A /* Assets.xcassets */,
				A387494324C6F698000A4E9A /* Main.storyboard */,
				A387494624C6F698000A4E9A /* Info.plist */,
				A387494724C6F698000A4E9A /* androidtools.entitlements */,
				A34F757F24CADA51008F54AE /* Header.h */,
			);
			path = androidtools;
			sourceTree = "<group>";
		};
/* End PBXGroup section */

/* Begin PBXNativeTarget section */
		A387493924C6F697000A4E9A /* androidtools */ = {
			isa = PBXNativeTarget;
			buildConfigurationList = A387494A24C6F698000A4E9A /* Build configuration list for PBXNativeTarget "androidtools" */;
			buildPhases = (
				A387493624C6F697000A4E9A /* Sources */,
				A387493724C6F697000A4E9A /* Frameworks */,
				A387493824C6F697000A4E9A /* Resources */,
			);
			buildRules = (
			);
			dependencies = (
			);
			name = androidtools;
			productName = androidtools;
			productReference = A387493A24C6F697000A4E9A /* androidtools.app */;
			productType = "com.apple.product-type.application";
		};
/* End PBXNativeTarget section */

/* Begin PBXProject section */
		A387493224C6F697000A4E9A /* Project object */ = {
			isa = PBXProject;
			attributes = {
				LastSwiftUpdateCheck = 1160;
				LastUpgradeCheck = 1160;
				ORGANIZATIONNAME = didikee;
				TargetAttributes = {
					A387493924C6F697000A4E9A = {
						CreatedOnToolsVersion = 11.6;
					};
				};
			};
			buildConfigurationList = A387493524C6F697000A4E9A /* Build configuration list for PBXProject "androidtools" */;
			compatibilityVersion = "Xcode 9.3";
			developmentRegion = en;
			hasScannedForEncodings = 0;
			knownRegions = (
				en,
				Base,
			);
			mainGroup = A387493124C6F697000A4E9A;
			productRefGroup = A387493B24C6F697000A4E9A /* Products */;
			projectDirPath = "";
			projectRoot = "";
			targets = (
				A387493924C6F697000A4E9A /* androidtools */,
			);
		};
/* End PBXProject section */

/* Begin PBXResourcesBuildPhase section */
		A387493824C6F697000A4E9A /* Resources */ = {
			isa = PBXResourcesBuildPhase;
			buildActionMask = 2147483647;
			files = (
				A34F75AB24CAE59E008F54AE /* bundletool.jar in Resources */,
				A387494224C6F698000A4E9A /* Assets.xcassets in Resources */,
				A387494524C6F698000A4E9A /* Main.storyboard in Resources */,
				A34F75A724CAE259008F54AE /* platform-tools in Resources */,
			);
			runOnlyForDeploymentPostprocessing = 0;
		};
/* End PBXResourcesBuildPhase section */

/* Begin PBXSourcesBuildPhase section */
		A387493624C6F697000A4E9A /* Sources */ = {
			isa = PBXSourcesBuildPhase;
			buildActionMask = 2147483647;
			files = (
				A387494024C6F697000A4E9A /* ViewController.swift in Sources */,
				A304105724CE98FA003EF34C /* ConfigsHelper.swift in Sources */,
				A34F757824CA8820008F54AE /* BundleAppInstallHelper.swift in Sources */,
				A387493E24C6F697000A4E9A /* AppDelegate.swift in Sources */,
				A34F757D24CAD688008F54AE /* ResourceHelper.swift in Sources */,
				A34F757E24CAD822008F54AE /* FileHelper.swift in Sources */,
				A304105924CED7E8003EF34C /* CommandRunner.swift in Sources */,
			);
			runOnlyForDeploymentPostprocessing = 0;
		};
/* End PBXSourcesBuildPhase section */

/* Begin PBXVariantGroup section */
		A387494324C6F698000A4E9A /* Main.storyboard */ = {
			isa = PBXVariantGroup;
			children = (
				A387494424C6F698000A4E9A /* Base */,
			);
			name = Main.storyboard;
			sourceTree = "<group>";
		};
/* End PBXVariantGroup section */

/* Begin XCBuildConfiguration section */
		A387494824C6F698000A4E9A /* Debug */ = {
			isa = XCBuildConfiguration;
			buildSettings = {
				ALWAYS_SEARCH_USER_PATHS = NO;
				CLANG_ANALYZER_NONNULL = YES;
				CLANG_ANALYZER_NUMBER_OBJECT_CONVERSION = YES_AGGRESSIVE;
				CLANG_CXX_LANGUAGE_STANDARD = "gnu++14";
				CLANG_CXX_LIBRARY = "libc++";
				CLANG_ENABLE_MODULES = YES;
				CLANG_ENABLE_OBJC_ARC = YES;
				CLANG_ENABLE_OBJC_WEAK = YES;
				CLANG_WARN_BLOCK_CAPTURE_AUTORELEASING = YES;
				CLANG_WARN_BOOL_CONVERSION = YES;
				CLANG_WARN_COMMA = YES;
				CLANG_WARN_CONSTANT_CONVERSION = YES;
				CLANG_WARN_DEPRECATED_OBJC_IMPLEMENTATIONS = YES;
				CLANG_WARN_DIRECT_OBJC_ISA_USAGE = YES_ERROR;
				CLANG_WARN_DOCUMENTATION_COMMENTS = YES;
				CLANG_WARN_EMPTY_BODY = YES;
				CLANG_WARN_ENUM_CONVERSION = YES;
				CLANG_WARN_INFINITE_RECURSION = YES;
				CLANG_WARN_INT_CONVERSION = YES;
				CLANG_WARN_NON_LITERAL_NULL_CONVERSION = YES;
				CLANG_WARN_OBJC_IMPLICIT_RETAIN_SELF = YES;
				CLANG_WARN_OBJC_LITERAL_CONVERSION = YES;
				CLANG_WARN_OBJC_ROOT_CLASS = YES_ERROR;
				CLANG_WARN_RANGE_LOOP_ANALYSIS = YES;
				CLANG_WARN_STRICT_PROTOTYPES = YES;
				CLANG_WARN_SUSPICIOUS_MOVE = YES;
				CLANG_WARN_UNGUARDED_AVAILABILITY = YES_AGGRESSIVE;
				CLANG_WARN_UNREACHABLE_CODE = YES;
				CLANG_WARN__DUPLICATE_METHOD_MATCH = YES;
				COPY_PHASE_STRIP = NO;
				DEBUG_INFORMATION_FORMAT = dwarf;
				ENABLE_STRICT_OBJC_MSGSEND = YES;
				ENABLE_TESTABILITY = YES;
				GCC_C_LANGUAGE_STANDARD = gnu11;
				GCC_DYNAMIC_NO_PIC = NO;
				GCC_NO_COMMON_BLOCKS = YES;
				GCC_OPTIMIZATION_LEVEL = 0;
				GCC_PREPROCESSOR_DEFINITIONS = (
					"DEBUG=1",
					"$(inherited)",
				);
				GCC_WARN_64_TO_32_BIT_CONVERSION = YES;
				GCC_WARN_ABOUT_RETURN_TYPE = YES_ERROR;
				GCC_WARN_UNDECLARED_SELECTOR = YES;
				GCC_WARN_UNINITIALIZED_AUTOS = YES_AGGRESSIVE;
				GCC_WARN_UNUSED_FUNCTION = YES;
				GCC_WARN_UNUSED_VARIABLE = YES;
				MACOSX_DEPLOYMENT_TARGET = 10.15;
				MTL_ENABLE_DEBUG_INFO = INCLUDE_SOURCE;
				MTL_FAST_MATH = YES;
				ONLY_ACTIVE_ARCH = YES;
				SDKROOT = macosx;
				SWIFT_ACTIVE_COMPILATION_CONDITIONS = DEBUG;
				SWIFT_OPTIMIZATION_LEVEL = "-Onone";
			};
			name = Debug;
		};
		A387494924C6F698000A4E9A /* Release */ = {
			isa = XCBuildConfiguration;
			buildSettings = {
				ALWAYS_SEARCH_USER_PATHS = NO;
				CLANG_ANALYZER_NONNULL = YES;
				CLANG_ANALYZER_NUMBER_OBJECT_CONVERSION = YES_AGGRESSIVE;
				CLANG_CXX_LANGUAGE_STANDARD = "gnu++14";
				CLANG_CXX_LIBRARY = "libc++";
				CLANG_ENABLE_MODULES = YES;
				CLANG_ENABLE_OBJC_ARC = YES;
				CLANG_ENABLE_OBJC_WEAK = YES;
				CLANG_WARN_BLOCK_CAPTURE_AUTORELEASING = YES;
				CLANG_WARN_BOOL_CONVERSION = YES;
				CLANG_WARN_COMMA = YES;
				CLANG_WARN_CONSTANT_CONVERSION = YES;
				CLANG_WARN_DEPRECATED_OBJC_IMPLEMENTATIONS = YES;
				CLANG_WARN_DIRECT_OBJC_ISA_USAGE = YES_ERROR;
				CLANG_WARN_DOCUMENTATION_COMMENTS = YES;
				CLANG_WARN_EMPTY_BODY = YES;
				CLANG_WARN_ENUM_CONVERSION = YES;
				CLANG_WARN_INFINITE_RECURSION = YES;
				CLANG_WARN_INT_CONVERSION = YES;
				CLANG_WARN_NON_LITERAL_NULL_CONVERSION = YES;
				CLANG_WARN_OBJC_IMPLICIT_RETAIN_SELF = YES;
				CLANG_WARN_OBJC_LITERAL_CONVERSION = YES;
				CLANG_WARN_OBJC_ROOT_CLASS = YES_ERROR;
				CLANG_WARN_RANGE_LOOP_ANALYSIS = YES;
				CLANG_WARN_STRICT_PROTOTYPES = YES;
				CLANG_WARN_SUSPICIOUS_MOVE = YES;
				CLANG_WARN_UNGUARDED_AVAILABILITY = YES_AGGRESSIVE;
				CLANG_WARN_UNREACHABLE_CODE = YES;
				CLANG_WARN__DUPLICATE_METHOD_MATCH = YES;
				COPY_PHASE_STRIP = NO;
				DEBUG_INFORMATION_FORMAT = "dwarf-with-dsym";
				ENABLE_NS_ASSERTIONS = NO;
				ENABLE_STRICT_OBJC_MSGSEND = YES;
				GCC_C_LANGUAGE_STANDARD = gnu11;
				GCC_NO_COMMON_BLOCKS = YES;
				GCC_WARN_64_TO_32_BIT_CONVERSION = YES;
				GCC_WARN_ABOUT_RETURN_TYPE = YES_ERROR;
				GCC_WARN_UNDECLARED_SELECTOR = YES;
				GCC_WARN_UNINITIALIZED_AUTOS = YES_AGGRESSIVE;
				GCC_WARN_UNUSED_FUNCTION = YES;
				GCC_WARN_UNUSED_VARIABLE = YES;
				MACOSX_DEPLOYMENT_TARGET = 10.15;
				MTL_ENABLE_DEBUG_INFO = NO;
				MTL_FAST_MATH = YES;
				SDKROOT = macosx;
				SWIFT_COMPILATION_MODE = wholemodule;
				SWIFT_OPTIMIZATION_LEVEL = "-O";
			};
			name = Release;
		};
		A387494B24C6F698000A4E9A /* Debug */ = {
			isa = XCBuildConfiguration;
			buildSettings = {
				ASSETCATALOG_COMPILER_APPICON_NAME = AppIcon;
				CODE_SIGN_ENTITLEMENTS = androidtools/androidtools.entitlements;
				CODE_SIGN_STYLE = Automatic;
				COMBINE_HIDPI_IMAGES = YES;
				CURRENT_PROJECT_VERSION = 4;
				INFOPLIST_FILE = androidtools/Info.plist;
				LD_RUNPATH_SEARCH_PATHS = (
					"$(inherited)",
					"@executable_path/../Frameworks",
				);
				MACOSX_DEPLOYMENT_TARGET = 10.10;
				MARKETING_VERSION = 0.1.2;
				PRODUCT_BUNDLE_IDENTIFIER = com.didikee.androidtools;
				PRODUCT_NAME = "$(TARGET_NAME)";
				SWIFT_OBJC_BRIDGING_HEADER = "$(SRCROOT)/androidtools/Header.h";
				SWIFT_VERSION = 5.0;
			};
			name = Debug;
		};
		A387494C24C6F698000A4E9A /* Release */ = {
			isa = XCBuildConfiguration;
			buildSettings = {
				ASSETCATALOG_COMPILER_APPICON_NAME = AppIcon;
				CODE_SIGN_ENTITLEMENTS = androidtools/androidtools.entitlements;
				CODE_SIGN_STYLE = Automatic;
				COMBINE_HIDPI_IMAGES = YES;
				CURRENT_PROJECT_VERSION = 4;
				INFOPLIST_FILE = androidtools/Info.plist;
				LD_RUNPATH_SEARCH_PATHS = (
					"$(inherited)",
					"@executable_path/../Frameworks",
				);
				MACOSX_DEPLOYMENT_TARGET = 10.10;
				MARKETING_VERSION = 0.1.2;
				PRODUCT_BUNDLE_IDENTIFIER = com.didikee.androidtools;
				PRODUCT_NAME = "$(TARGET_NAME)";
				SWIFT_OBJC_BRIDGING_HEADER = "$(SRCROOT)/androidtools/Header.h";
				SWIFT_VERSION = 5.0;
			};
			name = Release;
		};
/* End XCBuildConfiguration section */

/* Begin XCConfigurationList section */
		A387493524C6F697000A4E9A /* Build configuration list for PBXProject "androidtools" */ = {
			isa = XCConfigurationList;
			buildConfigurations = (
				A387494824C6F698000A4E9A /* Debug */,
				A387494924C6F698000A4E9A /* Release */,
			);
			defaultConfigurationIsVisible = 0;
			defaultConfigurationName = Release;
		};
		A387494A24C6F698000A4E9A /* Build configuration list for PBXNativeTarget "androidtools" */ = {
			isa = XCConfigurationList;
			buildConfigurations = (
				A387494B24C6F698000A4E9A /* Debug */,
				A387494C24C6F698000A4E9A /* Release */,
			);
			defaultConfigurationIsVisible = 0;
			defaultConfigurationName = Release;
		};
/* End XCConfigurationList section */
	};
	rootObject = A387493224C6F697000A4E9A /* Project object */;
}
